
Microsoft Visual Studio Solution File, Format Version 12.00
# Visual Studio 14
VisualStudioVersion = 14.0.25123.0
MinimumVisualStudioVersion = 10.0.40219.1
Project("{FAE04EC0-301F-11D3-BF4B-00C04F79EFBC}") = "DAL", "DAL\DAL.csproj", "{DC5F8844-AAA6-4DC9-8299-C455762B9CE5}"
EndProject
Project("{FAE04EC0-301F-11D3-BF4B-00C04F79EFBC}") = "BLL", "BLL\BLL.csproj", "{F3611F05-E035-496E-8251-5E5D8BCECBEA}"
EndProject
Project("{FAE04EC0-301F-11D3-BF4B-00C04F79EFBC}") = "Model", "Model\Model.csproj", "{FFBEEA0F-3AEA-40FA-AEF6-FCA5BF977203}"
EndProject
Project("{FAE04EC0-301F-11D3-BF4B-00C04F79EFBC}") = "WebApp", "WebApp\WebApp.csproj", "{DC114751-625E-44C8-964A-6EE1721BCDAD}"
EndProject
Global
	GlobalSection(SolutionConfigurationPlatforms) = preSolution
		Debug|Any CPU = Debug|Any CPU
		Release|Any CPU = Release|Any CPU
	EndGlobalSection
	GlobalSection(ProjectConfigurationPlatforms) = postSolution
		{DC5F8844-AAA6-4DC9-8299-C455762B9CE5}.Debug|Any CPU.ActiveCfg = Debug|Any CPU
		{DC5F8844-AAA6-4DC9-8299-C455762B9CE5}.Debug|Any CPU.Build.0 = Debug|Any CPU
		{DC5F8844-AAA6-4DC9-8299-C455762B9CE5}.Release|Any CPU.ActiveCfg = Release|Any CPU
		{DC5F8844-AAA6-4DC9-8299-C455762B9CE5}.Release|Any CPU.Build.0 = Release|Any CPU
		{F3611F05-E035-496E-8251-5E5D8BCECBEA}.Debug|Any CPU.ActiveCfg = Debug|Any CPU
		{F3611F05-E035-496E-8251-5E5D8BCECBEA}.Debug|Any CPU.Build.0 = Debug|Any CPU
		{F3611F05-E035-496E-8251-5E5D8BCECBEA}.Release|Any CPU.ActiveCfg = Release|Any CPU
		{F3611F05-E035-496E-8251-5E5D8BCECBEA}.Release|Any CPU.Build.0 = Release|Any CPU
		{FFBEEA0F-3AEA-40FA-AEF6-FCA5BF977203}.Debug|Any CPU.ActiveCfg = Debug|Any CPU
		{FFBEEA0F-3AEA-40FA-AEF6-FCA5BF977203}.Debug|Any CPU.Build.0 = Debug|Any CPU
		{FFBEEA0F-3AEA-40FA-AEF6-FCA5BF977203}.Release|Any CPU.ActiveCfg = Release|Any CPU
		{FFBEEA0F-3AEA-40FA-AEF6-FCA5BF977203}.Release|Any CPU.Build.0 = Release|Any CPU
		{DC114751-625E-44C8-964A-6EE1721BCDAD}.Debug|Any CPU.ActiveCfg = Debug|Any CPU
		{DC114751-625E-44C8-964A-6EE1721BCDAD}.Debug|Any CPU.Build.0 = Debug|Any CPU
		{DC114751-625E-44C8-964A-6EE1721BCDAD}.Release|Any CPU.ActiveCfg = Release|Any CPU
		{DC114751-625E-44C8-964A-6EE1721BCDAD}.Release|Any CPU.Build.0 = Release|Any CPU
	EndGlobalSection
	GlobalSection(SolutionProperties) = preSolution
		HideSolutionNode = FALSE
	EndGlobalSection
EndGlobal
